
Microsoft Visual Studio Solution File, Format Version 12.00
# Visual Studio Version 16
VisualStudioVersion = 16.0.31829.152
MinimumVisualStudioVersion = 10.0.40219.1
Project("{FAE04EC0-301F-11D3-BF4B-00C04F79EFBC}") = "MCD_FakeDataveGridView", "MCD_FakeDataveGridView\MCD_FakeDataveGridView.csproj", "{5423509B-750C-4939-A8F5-C7A7CAFC2C9F}"
EndProject
Global
	GlobalSection(SolutionConfigurationPlatforms) = preSolution
		Debug|Any CPU = Debug|Any CPU
		Release|Any CPU = Release|Any CPU
	EndGlobalSection
	GlobalSection(ProjectConfigurationPlatforms) = postSolution
		{5423509B-750C-4939-A8F5-C7A7CAFC2C9F}.Debug|Any CPU.ActiveCfg = Debug|Any CPU
		{5423509B-750C-4939-A8F5-C7A7CAFC2C9F}.Debug|Any CPU.Build.0 = Debug|Any CPU
		{5423509B-750C-4939-A8F5-C7A7CAFC2C9F}.Release|Any CPU.ActiveCfg = Release|Any CPU
		{5423509B-750C-4939-A8F5-C7A7CAFC2C9F}.Release|Any CPU.Build.0 = Release|Any CPU
	EndGlobalSection
	GlobalSection(SolutionProperties) = preSolution
		HideSolutionNode = FALSE
	EndGlobalSection
	GlobalSection(ExtensibilityGlobals) = postSolution
		SolutionGuid = {C5C2901D-8968-42F9-8E65-AC93A0FEB1A0}
	EndGlobalSection
EndGlobal
